
Microsoft Visual Studio Solution File, Format Version 12.00
# Visual Studio Version 16
VisualStudioVersion = 16.0.29911.84
MinimumVisualStudioVersion = 10.0.40219.1
Project("{FAE04EC0-301F-11D3-BF4B-00C04F79EFBC}") = "School (Inheritance and Abstraction)", "School (Inheritance and Abstraction).csproj", "{219C4977-154F-40AF-A516-2CFCE19DED7B}"
EndProject
Global
	GlobalSection(SolutionConfigurationPlatforms) = preSolution
		Debug|Any CPU = Debug|Any CPU
		Release|Any CPU = Release|Any CPU
	EndGlobalSection
	GlobalSection(ProjectConfigurationPlatforms) = postSolution
		{219C4977-154F-40AF-A516-2CFCE19DED7B}.Debug|Any CPU.ActiveCfg = Debug|Any CPU
		{219C4977-154F-40AF-A516-2CFCE19DED7B}.Debug|Any CPU.Build.0 = Debug|Any CPU
		{219C4977-154F-40AF-A516-2CFCE19DED7B}.Release|Any CPU.ActiveCfg = Release|Any CPU
		{219C4977-154F-40AF-A516-2CFCE19DED7B}.Release|Any CPU.Build.0 = Release|Any CPU
	EndGlobalSection
	GlobalSection(SolutionProperties) = preSolution
		HideSolutionNode = FALSE
	EndGlobalSection
	GlobalSection(ExtensibilityGlobals) = postSolution
		SolutionGuid = {C9959679-82B8-4451-B22A-C0A177F0181E}
	EndGlobalSection
EndGlobal
